
Microsoft Visual Studio Solution File, Format Version 12.00
# Visual Studio 2012
Project("{FAE04EC0-301F-11D3-BF4B-00C04F79EFBC}") = "WebShop", "WebShop\WebShop.csproj", "{5E2A51C5-8BF1-4A06-80BF-82C7C395CBF8}"
EndProject
Project("{2150E333-8FDC-42A3-9474-1A3956D46DE8}") = ".nuget", ".nuget", "{F6DEFACA-659D-4C12-B32C-E57BE540959B}"
	ProjectSection(SolutionItems) = preProject
		.nuget\NuGet.Config = .nuget\NuGet.Config
		.nuget\NuGet.exe = .nuget\NuGet.exe
		.nuget\NuGet.targets = .nuget\NuGet.targets
	EndProjectSection
EndProject
Project("{FAE04EC0-301F-11D3-BF4B-00C04F79EFBC}") = "TryCatch.Services", "TryCatch.Services\TryCatch.Services.csproj", "{B4E9968A-19E9-4574-BC68-A3E999675CC7}"
EndProject
Project("{FAE04EC0-301F-11D3-BF4B-00C04F79EFBC}") = "TryCatch.Dto", "TryCatch.Dto\TryCatch.Dto.csproj", "{32F95BA3-51F3-4210-89C4-D8E23664AA44}"
EndProject
Project("{FAE04EC0-301F-11D3-BF4B-00C04F79EFBC}") = "TryCatch.Dal", "TryCatch.Dal\TryCatch.Dal.csproj", "{D1641645-F55B-4C80-8E7E-42B669BB6516}"
EndProject
Project("{FAE04EC0-301F-11D3-BF4B-00C04F79EFBC}") = "TryCatch.Repositories", "TryCatch.Repositories\TryCatch.Repositories.csproj", "{72F2A4A6-460D-4EE7-B63E-605F20C042D1}"
EndProject
Project("{FAE04EC0-301F-11D3-BF4B-00C04F79EFBC}") = "TryCatch.XmlDal", "TryCatch.XmlDal\TryCatch.XmlDal.csproj", "{78B18889-90F7-4850-A74A-8FB6B1A8AB89}"
EndProject
Project("{FAE04EC0-301F-11D3-BF4B-00C04F79EFBC}") = "TryCatch.Exceptions", "TryCatch.Exceptions\TryCatch.Exceptions.csproj", "{FC0D5B7F-0C02-43DC-8B95-9BDDEF16540F}"
EndProject
Project("{FAE04EC0-301F-11D3-BF4B-00C04F79EFBC}") = "TryCatch.WebCore", "TryCatch.WebCore\TryCatch.WebCore.csproj", "{52212EAD-BCE9-433D-B9BA-0E1817D6D006}"
EndProject
Global
	GlobalSection(SolutionConfigurationPlatforms) = preSolution
		Debug|Any CPU = Debug|Any CPU
		Release|Any CPU = Release|Any CPU
	EndGlobalSection
	GlobalSection(ProjectConfigurationPlatforms) = postSolution
		{5E2A51C5-8BF1-4A06-80BF-82C7C395CBF8}.Debug|Any CPU.ActiveCfg = Debug|Any CPU
		{5E2A51C5-8BF1-4A06-80BF-82C7C395CBF8}.Debug|Any CPU.Build.0 = Debug|Any CPU
		{5E2A51C5-8BF1-4A06-80BF-82C7C395CBF8}.Release|Any CPU.ActiveCfg = Release|Any CPU
		{5E2A51C5-8BF1-4A06-80BF-82C7C395CBF8}.Release|Any CPU.Build.0 = Release|Any CPU
		{B4E9968A-19E9-4574-BC68-A3E999675CC7}.Debug|Any CPU.ActiveCfg = Debug|Any CPU
		{B4E9968A-19E9-4574-BC68-A3E999675CC7}.Debug|Any CPU.Build.0 = Debug|Any CPU
		{B4E9968A-19E9-4574-BC68-A3E999675CC7}.Release|Any CPU.ActiveCfg = Release|Any CPU
		{B4E9968A-19E9-4574-BC68-A3E999675CC7}.Release|Any CPU.Build.0 = Release|Any CPU
		{32F95BA3-51F3-4210-89C4-D8E23664AA44}.Debug|Any CPU.ActiveCfg = Debug|Any CPU
		{32F95BA3-51F3-4210-89C4-D8E23664AA44}.Debug|Any CPU.Build.0 = Debug|Any CPU
		{32F95BA3-51F3-4210-89C4-D8E23664AA44}.Release|Any CPU.ActiveCfg = Release|Any CPU
		{32F95BA3-51F3-4210-89C4-D8E23664AA44}.Release|Any CPU.Build.0 = Release|Any CPU
		{D1641645-F55B-4C80-8E7E-42B669BB6516}.Debug|Any CPU.ActiveCfg = Debug|Any CPU
		{D1641645-F55B-4C80-8E7E-42B669BB6516}.Debug|Any CPU.Build.0 = Debug|Any CPU
		{D1641645-F55B-4C80-8E7E-42B669BB6516}.Release|Any CPU.ActiveCfg = Release|Any CPU
		{D1641645-F55B-4C80-8E7E-42B669BB6516}.Release|Any CPU.Build.0 = Release|Any CPU
		{72F2A4A6-460D-4EE7-B63E-605F20C042D1}.Debug|Any CPU.ActiveCfg = Debug|Any CPU
		{72F2A4A6-460D-4EE7-B63E-605F20C042D1}.Debug|Any CPU.Build.0 = Debug|Any CPU
		{72F2A4A6-460D-4EE7-B63E-605F20C042D1}.Release|Any CPU.ActiveCfg = Release|Any CPU
		{72F2A4A6-460D-4EE7-B63E-605F20C042D1}.Release|Any CPU.Build.0 = Release|Any CPU
		{78B18889-90F7-4850-A74A-8FB6B1A8AB89}.Debug|Any CPU.ActiveCfg = Debug|Any CPU
		{78B18889-90F7-4850-A74A-8FB6B1A8AB89}.Debug|Any CPU.Build.0 = Debug|Any CPU
		{78B18889-90F7-4850-A74A-8FB6B1A8AB89}.Release|Any CPU.ActiveCfg = Release|Any CPU
		{78B18889-90F7-4850-A74A-8FB6B1A8AB89}.Release|Any CPU.Build.0 = Release|Any CPU
		{FC0D5B7F-0C02-43DC-8B95-9BDDEF16540F}.Debug|Any CPU.ActiveCfg = Debug|Any CPU
		{FC0D5B7F-0C02-43DC-8B95-9BDDEF16540F}.Debug|Any CPU.Build.0 = Debug|Any CPU
		{FC0D5B7F-0C02-43DC-8B95-9BDDEF16540F}.Release|Any CPU.ActiveCfg = Release|Any CPU
		{FC0D5B7F-0C02-43DC-8B95-9BDDEF16540F}.Release|Any CPU.Build.0 = Release|Any CPU
		{52212EAD-BCE9-433D-B9BA-0E1817D6D006}.Debug|Any CPU.ActiveCfg = Debug|Any CPU
		{52212EAD-BCE9-433D-B9BA-0E1817D6D006}.Debug|Any CPU.Build.0 = Debug|Any CPU
		{52212EAD-BCE9-433D-B9BA-0E1817D6D006}.Release|Any CPU.ActiveCfg = Release|Any CPU
		{52212EAD-BCE9-433D-B9BA-0E1817D6D006}.Release|Any CPU.Build.0 = Release|Any CPU
	EndGlobalSection
	GlobalSection(SolutionProperties) = preSolution
		HideSolutionNode = FALSE
	EndGlobalSection
EndGlobal
